<?xml version="1.0" encoding="utf-8"?>
<Project ToolsVersion="4.0" xmlns="http://schemas.microsoft.com/developer/msbuild/2003">
  <ItemGroup>
    <Filter Include="Header Files">
      <UniqueIdentifier>{04cb8190-bcb6-4ac7-851e-e9d55072b9b5}</UniqueIdentifier>
    </Filter>
    <Filter Include="Source Files">
      <UniqueIdentifier>{41b46d09-f6c0-4a37-87ac-71cb365f9f2d}</UniqueIdentifier>
    </Filter>
  </ItemGroup>
  <ItemGroup>
    <ClInclude Include="Header Files\CBook.hpp">
      <Filter>Header Files</Filter>
    </ClInclude>
    <ClInclude Include="Header Files\CBullet.hpp">
      <Filter>Header Files</Filter>
    </ClInclude>
    <ClInclude Include="Header Files\CDoor.hpp">
      <Filter>Header Files</Filter>
    </ClInclude>
    <ClInclude Include="Header Files\CKey.hpp">
      <Filter>Header Files</Filter>
    </ClInclude>
    <ClInclude Include="Header Files\CMasterModelCreator.h">
      <Filter>Header Files</Filter>
    </ClInclude>
    <ClInclude Include="Header Files\Collision.h">
      <Filter>Header Files</Filter>
    </ClInclude>
    <ClInclude Include="Header Files\CPlayer.hpp">
      <Filter>Header Files</Filter>
    </ClInclude>
    <ClInclude Include="Header Files\CWalls.h">
      <Filter>Header Files</Filter>
    </ClInclude>
    <ClInclude Include="Header Files\CZombie.hpp">
      <Filter>Header Files</Filter>
    </ClInclude>
    <ClInclude Include="Header Files\Definitions.h">
      <Filter>Header Files</Filter>
    </ClInclude>
    <ClInclude Include="Header Files\Definitions.hpp">
      <Filter>Header Files</Filter>
    </ClInclude>
  </ItemGroup>
  <ItemGroup>
    <ClCompile Include="CBook.cpp">
      <Filter>Source Files</Filter>
    </ClCompile>
    <ClCompile Include="CBullet.cpp">
      <Filter>Source Files</Filter>
    </ClCompile>
    <ClCompile Include="CDoor.cpp">
      <Filter>Source Files</Filter>
    </ClCompile>
    <ClCompile Include="CKey.cpp">
      <Filter>Source Files</Filter>
    </ClCompile>
    <ClCompile Include="CMasterModelCreator.cpp">
      <Filter>Source Files</Filter>
    </ClCompile>
    <ClCompile Include="Collision.cpp">
      <Filter>Source Files</Filter>
    </ClCompile>
    <ClCompile Include="CPlayer.cpp">
      <Filter>Source Files</Filter>
    </ClCompile>
    <ClCompile Include="CWalls.cpp">
      <Filter>Source Files</Filter>
    </ClCompile>
    <ClCompile Include="CZombie.cpp">
      <Filter>Source Files</Filter>
    </ClCompile>
    <ClCompile Include="ProffSkillsv1.cpp">
      <Filter>Source Files</Filter>
    </ClCompile>
  </ItemGroup>
</Project>